{
  "name": "@maginapp/vuepress-plugin-flowchart",
  "version": "1.0.0",
  "lockfileVersion": 1,
  "requires": true,
  "dependencies": {
    "eve-raphael": {
      "version": "0.5.0",
      "resolved": "https://registry.npmjs.org/eve-raphael/-/eve-raphael-0.5.0.tgz",
      "integrity": "sha1-F8dUt5K+7z+maE15z1pHxjxM2jA="
    },
    "flowchart.js": {
      "version": "1.13.0",
      "resolved": "https://registry.npmjs.org/flowchart.js/-/flowchart.js-1.13.0.tgz",
      "integrity": "sha512-kr+XrH9WSE40ufAec/hs8kbAvSxFx4Fgyf/mjkJwTxWea5USuQAjZt0j9cZJO4ZayWkin9OkWxH4ovLF/5KZFA==",
      "requires": {
        "raphael": "2.3.0"
      }
    },
    "raphael": {
      "version": "2.3.0",
      "resolved": "https://registry.npmjs.org/raphael/-/raphael-2.3.0.tgz",
      "integrity": "sha512-w2yIenZAQnp257XUWGni4bLMVxpUpcIl7qgxEgDIXtmSypYtlNxfXWpOBxs7LBTps5sDwhRnrToJrMUrivqNTQ==",
      "requires": {
        "eve-raphael": "0.5.0"
      }
    }
  }
}
